
Microsoft Visual Studio Solution File, Format Version 12.00
# Visual Studio 15
VisualStudioVersion = 15.0.26730.15
MinimumVisualStudioVersion = 10.0.40219.1
Project("{FAE04EC0-301F-11D3-BF4B-00C04F79EFBC}") = "Thread001", "Thread001\Thread001.csproj", "{156AC5C2-42E2-4867-8909-59DC5FBE8DB2}"
EndProject
Project("{FAE04EC0-301F-11D3-BF4B-00C04F79EFBC}") = "Thread002", "Thread002\Thread002.csproj", "{6AAF57B0-DC5C-463B-8765-14384CAD9AB5}"
EndProject
Project("{FAE04EC0-301F-11D3-BF4B-00C04F79EFBC}") = "Thread003", "Thread003\Thread003.csproj", "{774508E8-307A-4AB9-A06B-011E5CF7E594}"
EndProject
Project("{FAE04EC0-301F-11D3-BF4B-00C04F79EFBC}") = "Thread_Lock_001", "Thread_Lock_001\Thread_Lock_001.csproj", "{8DFF142C-B1C6-4A22-85E3-50BEE162A07A}"
EndProject
Project("{FAE04EC0-301F-11D3-BF4B-00C04F79EFBC}") = "AsyncAwait001", "AsyncAwait001\AsyncAwait001.csproj", "{CDA0F21A-D109-4490-B9CA-8D88D1FECF89}"
EndProject
Project("{FAE04EC0-301F-11D3-BF4B-00C04F79EFBC}") = "AsyncAwait002", "AsyncAwait002\AsyncAwait002.csproj", "{2E7A2C93-EF25-4811-88D7-FDBD60E38DA5}"
EndProject
Project("{FAE04EC0-301F-11D3-BF4B-00C04F79EFBC}") = "AsyncAwait003", "AsyncAwait003\AsyncAwait003.csproj", "{F27A829D-B86D-48F9-B9D2-6CEBCCA25FF2}"
EndProject
Project("{FAE04EC0-301F-11D3-BF4B-00C04F79EFBC}") = "AsyncAwait004", "AsyncAwait004\AsyncAwait004.csproj", "{127CF353-FF04-4F4D-84E7-394263D02038}"
EndProject
Project("{FAE04EC0-301F-11D3-BF4B-00C04F79EFBC}") = "AsyncAwait005", "AsyncAwait005\AsyncAwait005.csproj", "{A27318C0-C3FF-4574-8324-3B20E61DBC1C}"
EndProject
Project("{FAE04EC0-301F-11D3-BF4B-00C04F79EFBC}") = "AsyncAwait006", "AsyncAwait006\AsyncAwait006.csproj", "{BDC51F6D-7A6C-4FEC-A891-B1D354F1652A}"
EndProject
Project("{FAE04EC0-301F-11D3-BF4B-00C04F79EFBC}") = "AsyncAwait007", "AsyncAwait007\AsyncAwait007.csproj", "{53A54E69-164D-4EF2-9A0E-E013ADC4558A}"
EndProject
Project("{FAE04EC0-301F-11D3-BF4B-00C04F79EFBC}") = "AsyncAwait008", "AsyncAwait008\AsyncAwait008.csproj", "{59A11B27-1B5C-4790-9EBA-849F945700DD}"
EndProject
Project("{FAE04EC0-301F-11D3-BF4B-00C04F79EFBC}") = "AsyncAwait009", "AsyncAwait009\AsyncAwait009.csproj", "{2827C2E0-5FE6-4BDD-B92A-6FDCD100E5D6}"
EndProject
Project("{FAE04EC0-301F-11D3-BF4B-00C04F79EFBC}") = "AsyncAwait010", "AsyncAwait010\AsyncAwait010.csproj", "{07E32176-41D8-46A2-9173-71569ED1979A}"
EndProject
Project("{FAE04EC0-301F-11D3-BF4B-00C04F79EFBC}") = "AsyncAwait011", "AsyncAwait011\AsyncAwait011.csproj", "{06E4EA55-9316-4939-AAB4-597B4F5BE81A}"
EndProject
Project("{FAE04EC0-301F-11D3-BF4B-00C04F79EFBC}") = "AsyncAwait012", "AsyncAwait012\AsyncAwait012.csproj", "{EB944695-F1D1-4AE8-9B1B-AEB9B0036BFA}"
EndProject
Project("{FAE04EC0-301F-11D3-BF4B-00C04F79EFBC}") = "AsyncAwait013", "AsyncAwait013\AsyncAwait013.csproj", "{56D4131E-E71C-4D17-B25D-2E5DEFD93537}"
EndProject
Global
	GlobalSection(SolutionConfigurationPlatforms) = preSolution
		Debug|Any CPU = Debug|Any CPU
		Release|Any CPU = Release|Any CPU
	EndGlobalSection
	GlobalSection(ProjectConfigurationPlatforms) = postSolution
		{156AC5C2-42E2-4867-8909-59DC5FBE8DB2}.Debug|Any CPU.ActiveCfg = Debug|Any CPU
		{156AC5C2-42E2-4867-8909-59DC5FBE8DB2}.Debug|Any CPU.Build.0 = Debug|Any CPU
		{156AC5C2-42E2-4867-8909-59DC5FBE8DB2}.Release|Any CPU.ActiveCfg = Release|Any CPU
		{156AC5C2-42E2-4867-8909-59DC5FBE8DB2}.Release|Any CPU.Build.0 = Release|Any CPU
		{6AAF57B0-DC5C-463B-8765-14384CAD9AB5}.Debug|Any CPU.ActiveCfg = Debug|Any CPU
		{6AAF57B0-DC5C-463B-8765-14384CAD9AB5}.Debug|Any CPU.Build.0 = Debug|Any CPU
		{6AAF57B0-DC5C-463B-8765-14384CAD9AB5}.Release|Any CPU.ActiveCfg = Release|Any CPU
		{6AAF57B0-DC5C-463B-8765-14384CAD9AB5}.Release|Any CPU.Build.0 = Release|Any CPU
		{774508E8-307A-4AB9-A06B-011E5CF7E594}.Debug|Any CPU.ActiveCfg = Debug|Any CPU
		{774508E8-307A-4AB9-A06B-011E5CF7E594}.Debug|Any CPU.Build.0 = Debug|Any CPU
		{774508E8-307A-4AB9-A06B-011E5CF7E594}.Release|Any CPU.ActiveCfg = Release|Any CPU
		{774508E8-307A-4AB9-A06B-011E5CF7E594}.Release|Any CPU.Build.0 = Release|Any CPU
		{8DFF142C-B1C6-4A22-85E3-50BEE162A07A}.Debug|Any CPU.ActiveCfg = Debug|Any CPU
		{8DFF142C-B1C6-4A22-85E3-50BEE162A07A}.Debug|Any CPU.Build.0 = Debug|Any CPU
		{8DFF142C-B1C6-4A22-85E3-50BEE162A07A}.Release|Any CPU.ActiveCfg = Release|Any CPU
		{8DFF142C-B1C6-4A22-85E3-50BEE162A07A}.Release|Any CPU.Build.0 = Release|Any CPU
		{CDA0F21A-D109-4490-B9CA-8D88D1FECF89}.Debug|Any CPU.ActiveCfg = Debug|Any CPU
		{CDA0F21A-D109-4490-B9CA-8D88D1FECF89}.Debug|Any CPU.Build.0 = Debug|Any CPU
		{CDA0F21A-D109-4490-B9CA-8D88D1FECF89}.Release|Any CPU.ActiveCfg = Release|Any CPU
		{CDA0F21A-D109-4490-B9CA-8D88D1FECF89}.Release|Any CPU.Build.0 = Release|Any CPU
		{2E7A2C93-EF25-4811-88D7-FDBD60E38DA5}.Debug|Any CPU.ActiveCfg = Debug|Any CPU
		{2E7A2C93-EF25-4811-88D7-FDBD60E38DA5}.Debug|Any CPU.Build.0 = Debug|Any CPU
		{2E7A2C93-EF25-4811-88D7-FDBD60E38DA5}.Release|Any CPU.ActiveCfg = Release|Any CPU
		{2E7A2C93-EF25-4811-88D7-FDBD60E38DA5}.Release|Any CPU.Build.0 = Release|Any CPU
		{F27A829D-B86D-48F9-B9D2-6CEBCCA25FF2}.Debug|Any CPU.ActiveCfg = Debug|Any CPU
		{F27A829D-B86D-48F9-B9D2-6CEBCCA25FF2}.Debug|Any CPU.Build.0 = Debug|Any CPU
		{F27A829D-B86D-48F9-B9D2-6CEBCCA25FF2}.Release|Any CPU.ActiveCfg = Release|Any CPU
		{F27A829D-B86D-48F9-B9D2-6CEBCCA25FF2}.Release|Any CPU.Build.0 = Release|Any CPU
		{127CF353-FF04-4F4D-84E7-394263D02038}.Debug|Any CPU.ActiveCfg = Debug|Any CPU
		{127CF353-FF04-4F4D-84E7-394263D02038}.Debug|Any CPU.Build.0 = Debug|Any CPU
		{127CF353-FF04-4F4D-84E7-394263D02038}.Release|Any CPU.ActiveCfg = Release|Any CPU
		{127CF353-FF04-4F4D-84E7-394263D02038}.Release|Any CPU.Build.0 = Release|Any CPU
		{A27318C0-C3FF-4574-8324-3B20E61DBC1C}.Debug|Any CPU.ActiveCfg = Debug|Any CPU
		{A27318C0-C3FF-4574-8324-3B20E61DBC1C}.Debug|Any CPU.Build.0 = Debug|Any CPU
		{A27318C0-C3FF-4574-8324-3B20E61DBC1C}.Release|Any CPU.ActiveCfg = Release|Any CPU
		{A27318C0-C3FF-4574-8324-3B20E61DBC1C}.Release|Any CPU.Build.0 = Release|Any CPU
		{BDC51F6D-7A6C-4FEC-A891-B1D354F1652A}.Debug|Any CPU.ActiveCfg = Debug|Any CPU
		{BDC51F6D-7A6C-4FEC-A891-B1D354F1652A}.Debug|Any CPU.Build.0 = Debug|Any CPU
		{BDC51F6D-7A6C-4FEC-A891-B1D354F1652A}.Release|Any CPU.ActiveCfg = Release|Any CPU
		{BDC51F6D-7A6C-4FEC-A891-B1D354F1652A}.Release|Any CPU.Build.0 = Release|Any CPU
		{53A54E69-164D-4EF2-9A0E-E013ADC4558A}.Debug|Any CPU.ActiveCfg = Debug|Any CPU
		{53A54E69-164D-4EF2-9A0E-E013ADC4558A}.Debug|Any CPU.Build.0 = Debug|Any CPU
		{53A54E69-164D-4EF2-9A0E-E013ADC4558A}.Release|Any CPU.ActiveCfg = Release|Any CPU
		{53A54E69-164D-4EF2-9A0E-E013ADC4558A}.Release|Any CPU.Build.0 = Release|Any CPU
		{59A11B27-1B5C-4790-9EBA-849F945700DD}.Debug|Any CPU.ActiveCfg = Debug|Any CPU
		{59A11B27-1B5C-4790-9EBA-849F945700DD}.Debug|Any CPU.Build.0 = Debug|Any CPU
		{59A11B27-1B5C-4790-9EBA-849F945700DD}.Release|Any CPU.ActiveCfg = Release|Any CPU
		{59A11B27-1B5C-4790-9EBA-849F945700DD}.Release|Any CPU.Build.0 = Release|Any CPU
		{2827C2E0-5FE6-4BDD-B92A-6FDCD100E5D6}.Debug|Any CPU.ActiveCfg = Debug|Any CPU
		{2827C2E0-5FE6-4BDD-B92A-6FDCD100E5D6}.Debug|Any CPU.Build.0 = Debug|Any CPU
		{2827C2E0-5FE6-4BDD-B92A-6FDCD100E5D6}.Release|Any CPU.ActiveCfg = Release|Any CPU
		{2827C2E0-5FE6-4BDD-B92A-6FDCD100E5D6}.Release|Any CPU.Build.0 = Release|Any CPU
		{07E32176-41D8-46A2-9173-71569ED1979A}.Debug|Any CPU.ActiveCfg = Debug|Any CPU
		{07E32176-41D8-46A2-9173-71569ED1979A}.Debug|Any CPU.Build.0 = Debug|Any CPU
		{07E32176-41D8-46A2-9173-71569ED1979A}.Release|Any CPU.ActiveCfg = Release|Any CPU
		{07E32176-41D8-46A2-9173-71569ED1979A}.Release|Any CPU.Build.0 = Release|Any CPU
		{06E4EA55-9316-4939-AAB4-597B4F5BE81A}.Debug|Any CPU.ActiveCfg = Debug|Any CPU
		{06E4EA55-9316-4939-AAB4-597B4F5BE81A}.Debug|Any CPU.Build.0 = Debug|Any CPU
		{06E4EA55-9316-4939-AAB4-597B4F5BE81A}.Release|Any CPU.ActiveCfg = Release|Any CPU
		{06E4EA55-9316-4939-AAB4-597B4F5BE81A}.Release|Any CPU.Build.0 = Release|Any CPU
		{EB944695-F1D1-4AE8-9B1B-AEB9B0036BFA}.Debug|Any CPU.ActiveCfg = Debug|Any CPU
		{EB944695-F1D1-4AE8-9B1B-AEB9B0036BFA}.Debug|Any CPU.Build.0 = Debug|Any CPU
		{EB944695-F1D1-4AE8-9B1B-AEB9B0036BFA}.Release|Any CPU.ActiveCfg = Release|Any CPU
		{EB944695-F1D1-4AE8-9B1B-AEB9B0036BFA}.Release|Any CPU.Build.0 = Release|Any CPU
		{56D4131E-E71C-4D17-B25D-2E5DEFD93537}.Debug|Any CPU.ActiveCfg = Debug|Any CPU
		{56D4131E-E71C-4D17-B25D-2E5DEFD93537}.Debug|Any CPU.Build.0 = Debug|Any CPU
		{56D4131E-E71C-4D17-B25D-2E5DEFD93537}.Release|Any CPU.ActiveCfg = Release|Any CPU
		{56D4131E-E71C-4D17-B25D-2E5DEFD93537}.Release|Any CPU.Build.0 = Release|Any CPU
	EndGlobalSection
	GlobalSection(SolutionProperties) = preSolution
		HideSolutionNode = FALSE
	EndGlobalSection
	GlobalSection(ExtensibilityGlobals) = postSolution
		SolutionGuid = {82D8D1C6-6B69-42DD-83E4-10485114AE48}
	EndGlobalSection
EndGlobal
