
Microsoft Visual Studio Solution File, Format Version 12.00
# Visual Studio 15
VisualStudioVersion = 15.0.26730.15
MinimumVisualStudioVersion = 10.0.40219.1
Project("{FAE04EC0-301F-11D3-BF4B-00C04F79EFBC}") = "HangfireTest", "HangfireTest\HangfireTest.csproj", "{40485B42-E941-4086-9DBD-EE62ACA83A01}"
EndProject
Project("{FAE04EC0-301F-11D3-BF4B-00C04F79EFBC}") = "Hangfire.WebAPI", "Hangfire.WebAPI\Hangfire.WebAPI.csproj", "{B89C3F9B-036E-463A-AD4F-733EC5C10ACD}"
EndProject
Global
	GlobalSection(SolutionConfigurationPlatforms) = preSolution
		Debug|Any CPU = Debug|Any CPU
		Release|Any CPU = Release|Any CPU
	EndGlobalSection
	GlobalSection(ProjectConfigurationPlatforms) = postSolution
		{40485B42-E941-4086-9DBD-EE62ACA83A01}.Debug|Any CPU.ActiveCfg = Debug|Any CPU
		{40485B42-E941-4086-9DBD-EE62ACA83A01}.Debug|Any CPU.Build.0 = Debug|Any CPU
		{40485B42-E941-4086-9DBD-EE62ACA83A01}.Release|Any CPU.ActiveCfg = Release|Any CPU
		{40485B42-E941-4086-9DBD-EE62ACA83A01}.Release|Any CPU.Build.0 = Release|Any CPU
		{B89C3F9B-036E-463A-AD4F-733EC5C10ACD}.Debug|Any CPU.ActiveCfg = Debug|Any CPU
		{B89C3F9B-036E-463A-AD4F-733EC5C10ACD}.Debug|Any CPU.Build.0 = Debug|Any CPU
		{B89C3F9B-036E-463A-AD4F-733EC5C10ACD}.Release|Any CPU.ActiveCfg = Release|Any CPU
		{B89C3F9B-036E-463A-AD4F-733EC5C10ACD}.Release|Any CPU.Build.0 = Release|Any CPU
	EndGlobalSection
	GlobalSection(SolutionProperties) = preSolution
		HideSolutionNode = FALSE
	EndGlobalSection
	GlobalSection(ExtensibilityGlobals) = postSolution
		SolutionGuid = {32A70618-ACE3-44AD-A4F7-8AAD38E515D8}
	EndGlobalSection
EndGlobal
