
Microsoft Visual Studio Solution File, Format Version 12.00
# Visual Studio 15
VisualStudioVersion = 15.0.27428.2011
MinimumVisualStudioVersion = 10.0.40219.1
Project("{FAE04EC0-301F-11D3-BF4B-00C04F79EFBC}") = "WCFDemo", "WCFDemo\WCFDemo.csproj", "{A3895AA7-ED42-4670-B129-0193599C3A9D}"
EndProject
Project("{FAE04EC0-301F-11D3-BF4B-00C04F79EFBC}") = "WCFClient", "WCFClient\WCFClient.csproj", "{65E4B6FD-A4A1-437D-AC7E-F98A9688447D}"
EndProject
Project("{FAE04EC0-301F-11D3-BF4B-00C04F79EFBC}") = "WebApplication1", "WebApplication1\WebApplication1.csproj", "{8771630A-1BF4-4D11-97E9-02EB04F32610}"
EndProject
Global
	GlobalSection(SolutionConfigurationPlatforms) = preSolution
		Debug|Any CPU = Debug|Any CPU
		Release|Any CPU = Release|Any CPU
	EndGlobalSection
	GlobalSection(ProjectConfigurationPlatforms) = postSolution
		{A3895AA7-ED42-4670-B129-0193599C3A9D}.Debug|Any CPU.ActiveCfg = Debug|Any CPU
		{A3895AA7-ED42-4670-B129-0193599C3A9D}.Debug|Any CPU.Build.0 = Debug|Any CPU
		{A3895AA7-ED42-4670-B129-0193599C3A9D}.Release|Any CPU.ActiveCfg = Release|Any CPU
		{A3895AA7-ED42-4670-B129-0193599C3A9D}.Release|Any CPU.Build.0 = Release|Any CPU
		{65E4B6FD-A4A1-437D-AC7E-F98A9688447D}.Debug|Any CPU.ActiveCfg = Debug|Any CPU
		{65E4B6FD-A4A1-437D-AC7E-F98A9688447D}.Debug|Any CPU.Build.0 = Debug|Any CPU
		{65E4B6FD-A4A1-437D-AC7E-F98A9688447D}.Release|Any CPU.ActiveCfg = Release|Any CPU
		{65E4B6FD-A4A1-437D-AC7E-F98A9688447D}.Release|Any CPU.Build.0 = Release|Any CPU
		{8771630A-1BF4-4D11-97E9-02EB04F32610}.Debug|Any CPU.ActiveCfg = Debug|Any CPU
		{8771630A-1BF4-4D11-97E9-02EB04F32610}.Debug|Any CPU.Build.0 = Debug|Any CPU
		{8771630A-1BF4-4D11-97E9-02EB04F32610}.Release|Any CPU.ActiveCfg = Release|Any CPU
		{8771630A-1BF4-4D11-97E9-02EB04F32610}.Release|Any CPU.Build.0 = Release|Any CPU
	EndGlobalSection
	GlobalSection(SolutionProperties) = preSolution
		HideSolutionNode = FALSE
	EndGlobalSection
	GlobalSection(ExtensibilityGlobals) = postSolution
		SolutionGuid = {1CBA5674-2559-4403-84E8-771E3AAB8F94}
	EndGlobalSection
EndGlobal
