
Microsoft Visual Studio Solution File, Format Version 12.00
# Visual Studio 15
VisualStudioVersion = 15.0.27130.2026
MinimumVisualStudioVersion = 10.0.40219.1
Project("{FAE04EC0-301F-11D3-BF4B-00C04F79EFBC}") = "AOPDemo1", "AOPDemo1\AOPDemo1.csproj", "{DAAFD068-ECF8-4F90-BB0C-80AC2D7DF873}"
EndProject
Project("{FAE04EC0-301F-11D3-BF4B-00C04F79EFBC}") = "AOPDemo2", "AOPDemo2\AOPDemo2.csproj", "{9BF5BCCA-524A-46AA-8B16-8AFA66CF056C}"
EndProject
Project("{FAE04EC0-301F-11D3-BF4B-00C04F79EFBC}") = "PostSharpExample", "PostSharpExample\PostSharpExample.csproj", "{C77DD444-5F5A-48D1-830E-E162048ED502}"
EndProject
Global
	GlobalSection(SolutionConfigurationPlatforms) = preSolution
		Debug|Any CPU = Debug|Any CPU
		Release|Any CPU = Release|Any CPU
	EndGlobalSection
	GlobalSection(ProjectConfigurationPlatforms) = postSolution
		{DAAFD068-ECF8-4F90-BB0C-80AC2D7DF873}.Debug|Any CPU.ActiveCfg = Debug|Any CPU
		{DAAFD068-ECF8-4F90-BB0C-80AC2D7DF873}.Debug|Any CPU.Build.0 = Debug|Any CPU
		{DAAFD068-ECF8-4F90-BB0C-80AC2D7DF873}.Release|Any CPU.ActiveCfg = Release|Any CPU
		{DAAFD068-ECF8-4F90-BB0C-80AC2D7DF873}.Release|Any CPU.Build.0 = Release|Any CPU
		{9BF5BCCA-524A-46AA-8B16-8AFA66CF056C}.Debug|Any CPU.ActiveCfg = Debug|Any CPU
		{9BF5BCCA-524A-46AA-8B16-8AFA66CF056C}.Debug|Any CPU.Build.0 = Debug|Any CPU
		{9BF5BCCA-524A-46AA-8B16-8AFA66CF056C}.Release|Any CPU.ActiveCfg = Release|Any CPU
		{9BF5BCCA-524A-46AA-8B16-8AFA66CF056C}.Release|Any CPU.Build.0 = Release|Any CPU
		{C77DD444-5F5A-48D1-830E-E162048ED502}.Debug|Any CPU.ActiveCfg = Debug|Any CPU
		{C77DD444-5F5A-48D1-830E-E162048ED502}.Debug|Any CPU.Build.0 = Debug|Any CPU
		{C77DD444-5F5A-48D1-830E-E162048ED502}.Release|Any CPU.ActiveCfg = Release|Any CPU
		{C77DD444-5F5A-48D1-830E-E162048ED502}.Release|Any CPU.Build.0 = Release|Any CPU
	EndGlobalSection
	GlobalSection(SolutionProperties) = preSolution
		HideSolutionNode = FALSE
	EndGlobalSection
	GlobalSection(ExtensibilityGlobals) = postSolution
		EnterpriseLibraryConfigurationToolBinariesPathV6 = packages\EnterpriseLibrary.Common.6.0.1304.0\lib\NET45;packages\EnterpriseLibrary.PolicyInjection.6.0.1304.0\lib\NET45
		SolutionGuid = {40FC1D88-86F0-4350-B364-BE87E54B6145}
	EndGlobalSection
EndGlobal
