
Microsoft Visual Studio Solution File, Format Version 12.00
# Visual Studio 15
VisualStudioVersion = 15.0.26730.15
MinimumVisualStudioVersion = 10.0.40219.1
Project("{FAE04EC0-301F-11D3-BF4B-00C04F79EFBC}") = "LINQTest001", "LINQTest001\LINQTest001.csproj", "{0D2E105D-1ECC-47C1-8D9E-89E03AC69081}"
EndProject
Project("{FAE04EC0-301F-11D3-BF4B-00C04F79EFBC}") = "LINQTest002", "LINQTest002\LINQTest002.csproj", "{CBED20C3-001C-40B6-8D6A-83717A56E03D}"
EndProject
Project("{FAE04EC0-301F-11D3-BF4B-00C04F79EFBC}") = "Data", "Data\Data.csproj", "{50D142DD-E177-4979-B0F6-C949FC51B074}"
EndProject
Project("{FAE04EC0-301F-11D3-BF4B-00C04F79EFBC}") = "LINQTest003", "LINQTest003\LINQTest003.csproj", "{80C4F69D-A00C-4839-ADA4-E7911930B351}"
EndProject
Project("{FAE04EC0-301F-11D3-BF4B-00C04F79EFBC}") = "LINQTest004", "LINQTest004\LINQTest004.csproj", "{C20473A4-2983-464D-9568-A7E4898D9F27}"
EndProject
Project("{FAE04EC0-301F-11D3-BF4B-00C04F79EFBC}") = "LINQTest005_Sort", "LINQTest005_Sort\LINQTest005_Sort.csproj", "{275167AB-0F29-4100-8CD3-2C83A938D90F}"
EndProject
Project("{FAE04EC0-301F-11D3-BF4B-00C04F79EFBC}") = "LINQTest006_GroupBy", "LINQTest006_GroupBy\LINQTest006_GroupBy.csproj", "{D913B8B8-FBA9-4E5B-B9F7-ECE794FB3943}"
EndProject
Project("{FAE04EC0-301F-11D3-BF4B-00C04F79EFBC}") = "LINQTest007_Join", "LINQTest007_Join\LINQTest007_Join.csproj", "{2124C8EB-E785-4650-BC01-418D24E32629}"
EndProject
Project("{FAE04EC0-301F-11D3-BF4B-00C04F79EFBC}") = "LINQTest008_GroupJoin", "LINQTest008_GroupJoin\LINQTest008_GroupJoin.csproj", "{87142C5B-290D-48D3-AFAE-CC7917A307BC}"
EndProject
Project("{FAE04EC0-301F-11D3-BF4B-00C04F79EFBC}") = "LINQTest009_Container", "LINQ009_Container\LINQTest009_Container.csproj", "{98EC9C33-77A9-4409-B0AF-3776DAEFD279}"
EndProject
Project("{FAE04EC0-301F-11D3-BF4B-00C04F79EFBC}") = "LINQTest010_Aggregate", "LINQTest010_Aggregate\LINQTest010_Aggregate.csproj", "{CFF019B7-56EF-4B4B-B07D-E6DBC4B3999F}"
EndProject
Project("{FAE04EC0-301F-11D3-BF4B-00C04F79EFBC}") = "LINQTest011_Average", "LINQTest011_Average\LINQTest011_Average.csproj", "{03EC69CD-A1D5-4B90-90F4-106AC86B01FA}"
EndProject
Project("{FAE04EC0-301F-11D3-BF4B-00C04F79EFBC}") = "LINQTest012_MAX", "LINQTest012_MAX\LINQTest012_MAX.csproj", "{32496CE9-9AA2-4B17-B0FD-FAD2E7EF59C0}"
EndProject
Project("{FAE04EC0-301F-11D3-BF4B-00C04F79EFBC}") = "LINQTest013_Element", "LINQTest013_Element\LINQTest013_Element.csproj", "{5EEF673E-7A1E-4F3D-901D-00B2544140F0}"
EndProject
Project("{FAE04EC0-301F-11D3-BF4B-00C04F79EFBC}") = "LINQTest014_Concat", "LINQTest014_Concat\LINQTest014_Concat.csproj", "{5D333B80-E0D5-4B6C-9643-E8ADDE5A9A88}"
EndProject
Project("{FAE04EC0-301F-11D3-BF4B-00C04F79EFBC}") = "LINQTest015_Take_Skip_While", "LINQTest015_Take_Skip_While\LINQTest015_Take_Skip_While.csproj", "{4FB576CF-C550-4C1E-830C-229D81F2D251}"
EndProject
Project("{FAE04EC0-301F-11D3-BF4B-00C04F79EFBC}") = "LINQTest016_AsEnumerable", "LINQTest_AsEnumerable\LINQTest016_AsEnumerable.csproj", "{579623ED-6A89-4A8F-8F18-379DB086963B}"
EndProject
Project("{FAE04EC0-301F-11D3-BF4B-00C04F79EFBC}") = "LINQTest017_Expression", "LINQTest017_Expression\LINQTest017_Expression.csproj", "{CC0D1A99-8043-49A5-9509-79571E41E9EF}"
EndProject
Project("{FAE04EC0-301F-11D3-BF4B-00C04F79EFBC}") = "LINQTest018_ExpressionTree", "LINQTest018_ExpressionTree\LINQTest018_ExpressionTree.csproj", "{05854924-EA0F-492E-8B1B-9E2BE041D6C0}"
EndProject
Project("{FAE04EC0-301F-11D3-BF4B-00C04F79EFBC}") = "LINQTest019_DeferredExecution", "LINQTest019_DeferredExecution\LINQTest019_DeferredExecution.csproj", "{E449F9B5-411D-498E-BE8A-E55011723328}"
EndProject
Project("{FAE04EC0-301F-11D3-BF4B-00C04F79EFBC}") = "LINQTest020_Yield_001", "LINQTest020_Yield_001\LINQTest020_Yield_001.csproj", "{D215F4AA-CEF8-4815-8139-9F2229598287}"
EndProject
Global
	GlobalSection(SolutionConfigurationPlatforms) = preSolution
		Debug|Any CPU = Debug|Any CPU
		Release|Any CPU = Release|Any CPU
	EndGlobalSection
	GlobalSection(ProjectConfigurationPlatforms) = postSolution
		{0D2E105D-1ECC-47C1-8D9E-89E03AC69081}.Debug|Any CPU.ActiveCfg = Debug|Any CPU
		{0D2E105D-1ECC-47C1-8D9E-89E03AC69081}.Debug|Any CPU.Build.0 = Debug|Any CPU
		{0D2E105D-1ECC-47C1-8D9E-89E03AC69081}.Release|Any CPU.ActiveCfg = Release|Any CPU
		{0D2E105D-1ECC-47C1-8D9E-89E03AC69081}.Release|Any CPU.Build.0 = Release|Any CPU
		{CBED20C3-001C-40B6-8D6A-83717A56E03D}.Debug|Any CPU.ActiveCfg = Debug|Any CPU
		{CBED20C3-001C-40B6-8D6A-83717A56E03D}.Debug|Any CPU.Build.0 = Debug|Any CPU
		{CBED20C3-001C-40B6-8D6A-83717A56E03D}.Release|Any CPU.ActiveCfg = Release|Any CPU
		{CBED20C3-001C-40B6-8D6A-83717A56E03D}.Release|Any CPU.Build.0 = Release|Any CPU
		{50D142DD-E177-4979-B0F6-C949FC51B074}.Debug|Any CPU.ActiveCfg = Debug|Any CPU
		{50D142DD-E177-4979-B0F6-C949FC51B074}.Debug|Any CPU.Build.0 = Debug|Any CPU
		{50D142DD-E177-4979-B0F6-C949FC51B074}.Release|Any CPU.ActiveCfg = Release|Any CPU
		{50D142DD-E177-4979-B0F6-C949FC51B074}.Release|Any CPU.Build.0 = Release|Any CPU
		{80C4F69D-A00C-4839-ADA4-E7911930B351}.Debug|Any CPU.ActiveCfg = Debug|Any CPU
		{80C4F69D-A00C-4839-ADA4-E7911930B351}.Debug|Any CPU.Build.0 = Debug|Any CPU
		{80C4F69D-A00C-4839-ADA4-E7911930B351}.Release|Any CPU.ActiveCfg = Release|Any CPU
		{80C4F69D-A00C-4839-ADA4-E7911930B351}.Release|Any CPU.Build.0 = Release|Any CPU
		{C20473A4-2983-464D-9568-A7E4898D9F27}.Debug|Any CPU.ActiveCfg = Debug|Any CPU
		{C20473A4-2983-464D-9568-A7E4898D9F27}.Debug|Any CPU.Build.0 = Debug|Any CPU
		{C20473A4-2983-464D-9568-A7E4898D9F27}.Release|Any CPU.ActiveCfg = Release|Any CPU
		{C20473A4-2983-464D-9568-A7E4898D9F27}.Release|Any CPU.Build.0 = Release|Any CPU
		{275167AB-0F29-4100-8CD3-2C83A938D90F}.Debug|Any CPU.ActiveCfg = Debug|Any CPU
		{275167AB-0F29-4100-8CD3-2C83A938D90F}.Debug|Any CPU.Build.0 = Debug|Any CPU
		{275167AB-0F29-4100-8CD3-2C83A938D90F}.Release|Any CPU.ActiveCfg = Release|Any CPU
		{275167AB-0F29-4100-8CD3-2C83A938D90F}.Release|Any CPU.Build.0 = Release|Any CPU
		{D913B8B8-FBA9-4E5B-B9F7-ECE794FB3943}.Debug|Any CPU.ActiveCfg = Debug|Any CPU
		{D913B8B8-FBA9-4E5B-B9F7-ECE794FB3943}.Debug|Any CPU.Build.0 = Debug|Any CPU
		{D913B8B8-FBA9-4E5B-B9F7-ECE794FB3943}.Release|Any CPU.ActiveCfg = Release|Any CPU
		{D913B8B8-FBA9-4E5B-B9F7-ECE794FB3943}.Release|Any CPU.Build.0 = Release|Any CPU
		{2124C8EB-E785-4650-BC01-418D24E32629}.Debug|Any CPU.ActiveCfg = Debug|Any CPU
		{2124C8EB-E785-4650-BC01-418D24E32629}.Debug|Any CPU.Build.0 = Debug|Any CPU
		{2124C8EB-E785-4650-BC01-418D24E32629}.Release|Any CPU.ActiveCfg = Release|Any CPU
		{2124C8EB-E785-4650-BC01-418D24E32629}.Release|Any CPU.Build.0 = Release|Any CPU
		{87142C5B-290D-48D3-AFAE-CC7917A307BC}.Debug|Any CPU.ActiveCfg = Debug|Any CPU
		{87142C5B-290D-48D3-AFAE-CC7917A307BC}.Debug|Any CPU.Build.0 = Debug|Any CPU
		{87142C5B-290D-48D3-AFAE-CC7917A307BC}.Release|Any CPU.ActiveCfg = Release|Any CPU
		{87142C5B-290D-48D3-AFAE-CC7917A307BC}.Release|Any CPU.Build.0 = Release|Any CPU
		{98EC9C33-77A9-4409-B0AF-3776DAEFD279}.Debug|Any CPU.ActiveCfg = Debug|Any CPU
		{98EC9C33-77A9-4409-B0AF-3776DAEFD279}.Debug|Any CPU.Build.0 = Debug|Any CPU
		{98EC9C33-77A9-4409-B0AF-3776DAEFD279}.Release|Any CPU.ActiveCfg = Release|Any CPU
		{98EC9C33-77A9-4409-B0AF-3776DAEFD279}.Release|Any CPU.Build.0 = Release|Any CPU
		{CFF019B7-56EF-4B4B-B07D-E6DBC4B3999F}.Debug|Any CPU.ActiveCfg = Debug|Any CPU
		{CFF019B7-56EF-4B4B-B07D-E6DBC4B3999F}.Debug|Any CPU.Build.0 = Debug|Any CPU
		{CFF019B7-56EF-4B4B-B07D-E6DBC4B3999F}.Release|Any CPU.ActiveCfg = Release|Any CPU
		{CFF019B7-56EF-4B4B-B07D-E6DBC4B3999F}.Release|Any CPU.Build.0 = Release|Any CPU
		{03EC69CD-A1D5-4B90-90F4-106AC86B01FA}.Debug|Any CPU.ActiveCfg = Debug|Any CPU
		{03EC69CD-A1D5-4B90-90F4-106AC86B01FA}.Debug|Any CPU.Build.0 = Debug|Any CPU
		{03EC69CD-A1D5-4B90-90F4-106AC86B01FA}.Release|Any CPU.ActiveCfg = Release|Any CPU
		{03EC69CD-A1D5-4B90-90F4-106AC86B01FA}.Release|Any CPU.Build.0 = Release|Any CPU
		{32496CE9-9AA2-4B17-B0FD-FAD2E7EF59C0}.Debug|Any CPU.ActiveCfg = Debug|Any CPU
		{32496CE9-9AA2-4B17-B0FD-FAD2E7EF59C0}.Debug|Any CPU.Build.0 = Debug|Any CPU
		{32496CE9-9AA2-4B17-B0FD-FAD2E7EF59C0}.Release|Any CPU.ActiveCfg = Release|Any CPU
		{32496CE9-9AA2-4B17-B0FD-FAD2E7EF59C0}.Release|Any CPU.Build.0 = Release|Any CPU
		{5EEF673E-7A1E-4F3D-901D-00B2544140F0}.Debug|Any CPU.ActiveCfg = Debug|Any CPU
		{5EEF673E-7A1E-4F3D-901D-00B2544140F0}.Debug|Any CPU.Build.0 = Debug|Any CPU
		{5EEF673E-7A1E-4F3D-901D-00B2544140F0}.Release|Any CPU.ActiveCfg = Release|Any CPU
		{5EEF673E-7A1E-4F3D-901D-00B2544140F0}.Release|Any CPU.Build.0 = Release|Any CPU
		{5D333B80-E0D5-4B6C-9643-E8ADDE5A9A88}.Debug|Any CPU.ActiveCfg = Debug|Any CPU
		{5D333B80-E0D5-4B6C-9643-E8ADDE5A9A88}.Debug|Any CPU.Build.0 = Debug|Any CPU
		{5D333B80-E0D5-4B6C-9643-E8ADDE5A9A88}.Release|Any CPU.ActiveCfg = Release|Any CPU
		{5D333B80-E0D5-4B6C-9643-E8ADDE5A9A88}.Release|Any CPU.Build.0 = Release|Any CPU
		{4FB576CF-C550-4C1E-830C-229D81F2D251}.Debug|Any CPU.ActiveCfg = Debug|Any CPU
		{4FB576CF-C550-4C1E-830C-229D81F2D251}.Debug|Any CPU.Build.0 = Debug|Any CPU
		{4FB576CF-C550-4C1E-830C-229D81F2D251}.Release|Any CPU.ActiveCfg = Release|Any CPU
		{4FB576CF-C550-4C1E-830C-229D81F2D251}.Release|Any CPU.Build.0 = Release|Any CPU
		{579623ED-6A89-4A8F-8F18-379DB086963B}.Debug|Any CPU.ActiveCfg = Debug|Any CPU
		{579623ED-6A89-4A8F-8F18-379DB086963B}.Debug|Any CPU.Build.0 = Debug|Any CPU
		{579623ED-6A89-4A8F-8F18-379DB086963B}.Release|Any CPU.ActiveCfg = Release|Any CPU
		{579623ED-6A89-4A8F-8F18-379DB086963B}.Release|Any CPU.Build.0 = Release|Any CPU
		{CC0D1A99-8043-49A5-9509-79571E41E9EF}.Debug|Any CPU.ActiveCfg = Debug|Any CPU
		{CC0D1A99-8043-49A5-9509-79571E41E9EF}.Debug|Any CPU.Build.0 = Debug|Any CPU
		{CC0D1A99-8043-49A5-9509-79571E41E9EF}.Release|Any CPU.ActiveCfg = Release|Any CPU
		{CC0D1A99-8043-49A5-9509-79571E41E9EF}.Release|Any CPU.Build.0 = Release|Any CPU
		{05854924-EA0F-492E-8B1B-9E2BE041D6C0}.Debug|Any CPU.ActiveCfg = Debug|Any CPU
		{05854924-EA0F-492E-8B1B-9E2BE041D6C0}.Debug|Any CPU.Build.0 = Debug|Any CPU
		{05854924-EA0F-492E-8B1B-9E2BE041D6C0}.Release|Any CPU.ActiveCfg = Release|Any CPU
		{05854924-EA0F-492E-8B1B-9E2BE041D6C0}.Release|Any CPU.Build.0 = Release|Any CPU
		{E449F9B5-411D-498E-BE8A-E55011723328}.Debug|Any CPU.ActiveCfg = Debug|Any CPU
		{E449F9B5-411D-498E-BE8A-E55011723328}.Debug|Any CPU.Build.0 = Debug|Any CPU
		{E449F9B5-411D-498E-BE8A-E55011723328}.Release|Any CPU.ActiveCfg = Release|Any CPU
		{E449F9B5-411D-498E-BE8A-E55011723328}.Release|Any CPU.Build.0 = Release|Any CPU
		{D215F4AA-CEF8-4815-8139-9F2229598287}.Debug|Any CPU.ActiveCfg = Debug|Any CPU
		{D215F4AA-CEF8-4815-8139-9F2229598287}.Debug|Any CPU.Build.0 = Debug|Any CPU
		{D215F4AA-CEF8-4815-8139-9F2229598287}.Release|Any CPU.ActiveCfg = Release|Any CPU
		{D215F4AA-CEF8-4815-8139-9F2229598287}.Release|Any CPU.Build.0 = Release|Any CPU
	EndGlobalSection
	GlobalSection(SolutionProperties) = preSolution
		HideSolutionNode = FALSE
	EndGlobalSection
	GlobalSection(ExtensibilityGlobals) = postSolution
		SolutionGuid = {B7102A52-9410-460B-9D17-39F231CFA371}
	EndGlobalSection
EndGlobal
