
Microsoft Visual Studio Solution File, Format Version 12.00
# Visual Studio 15
VisualStudioVersion = 15.0.26730.15
MinimumVisualStudioVersion = 10.0.40219.1
Project("{FAE04EC0-301F-11D3-BF4B-00C04F79EFBC}") = "JWTLoginTest001", "JWTLoginTest001\JWTLoginTest001.csproj", "{7D40F1AA-73F3-4802-980E-BEEC051A096B}"
EndProject
Project("{FAE04EC0-301F-11D3-BF4B-00C04F79EFBC}") = "JWTLoginTest002", "JWTLoginTest002\JWTLoginTest002.csproj", "{3806B807-B8AC-4FED-BE3D-CC5F3E5BA372}"
EndProject
Project("{FAE04EC0-301F-11D3-BF4B-00C04F79EFBC}") = "LoginWeb001", "LoginWeb001\LoginWeb001.csproj", "{A2C6BC92-DA0E-4A3A-9023-6C7E4DC199EF}"
EndProject
Global
	GlobalSection(SolutionConfigurationPlatforms) = preSolution
		Debug|Any CPU = Debug|Any CPU
		Release|Any CPU = Release|Any CPU
	EndGlobalSection
	GlobalSection(ProjectConfigurationPlatforms) = postSolution
		{7D40F1AA-73F3-4802-980E-BEEC051A096B}.Debug|Any CPU.ActiveCfg = Debug|Any CPU
		{7D40F1AA-73F3-4802-980E-BEEC051A096B}.Debug|Any CPU.Build.0 = Debug|Any CPU
		{7D40F1AA-73F3-4802-980E-BEEC051A096B}.Release|Any CPU.ActiveCfg = Release|Any CPU
		{7D40F1AA-73F3-4802-980E-BEEC051A096B}.Release|Any CPU.Build.0 = Release|Any CPU
		{3806B807-B8AC-4FED-BE3D-CC5F3E5BA372}.Debug|Any CPU.ActiveCfg = Debug|Any CPU
		{3806B807-B8AC-4FED-BE3D-CC5F3E5BA372}.Debug|Any CPU.Build.0 = Debug|Any CPU
		{3806B807-B8AC-4FED-BE3D-CC5F3E5BA372}.Release|Any CPU.ActiveCfg = Release|Any CPU
		{3806B807-B8AC-4FED-BE3D-CC5F3E5BA372}.Release|Any CPU.Build.0 = Release|Any CPU
		{A2C6BC92-DA0E-4A3A-9023-6C7E4DC199EF}.Debug|Any CPU.ActiveCfg = Debug|Any CPU
		{A2C6BC92-DA0E-4A3A-9023-6C7E4DC199EF}.Debug|Any CPU.Build.0 = Debug|Any CPU
		{A2C6BC92-DA0E-4A3A-9023-6C7E4DC199EF}.Release|Any CPU.ActiveCfg = Release|Any CPU
		{A2C6BC92-DA0E-4A3A-9023-6C7E4DC199EF}.Release|Any CPU.Build.0 = Release|Any CPU
	EndGlobalSection
	GlobalSection(SolutionProperties) = preSolution
		HideSolutionNode = FALSE
	EndGlobalSection
	GlobalSection(ExtensibilityGlobals) = postSolution
		SolutionGuid = {A6879D57-B0D0-4968-8429-C5309B8B72C4}
	EndGlobalSection
EndGlobal
